// !$*UTF8*$!
{
	archiveVersion = 1;
	classes = {
	};
	objectVersion = 46;
	objects = {

/* Begin PBXBuildFile section */
		C9140E991D1B7DA7001E4D8A /* CwlScalarScanner.swift in Sources */ = {isa = PBXBuildFile; fileRef = C9917D191D155F9E003815C0 /* CwlScalarScanner.swift */; };
		C9140E9A1D1B7DA7001E4D8A /* CwlWhitespaceTagging.swift in Sources */ = {isa = PBXBuildFile; fileRef = C9E561451D16B55A0019A935 /* CwlWhitespaceTagging.swift */; };
		C9917CDA1D151A24003815C0 /* AppDelegate.swift in Sources */ = {isa = PBXBuildFile; fileRef = C9917CD91D151A24003815C0 /* AppDelegate.swift */; };
		C9917CDC1D151A24003815C0 /* Assets.xcassets in Resources */ = {isa = PBXBuildFile; fileRef = C9917CDB1D151A24003815C0 /* Assets.xcassets */; };
		C9917CDF1D151A24003815C0 /* MainMenu.xib in Resources */ = {isa = PBXBuildFile; fileRef = C9917CDD1D151A24003815C0 /* MainMenu.xib */; };
		C9917CEA1D151A24003815C0 /* CwlWhitespaceTests.swift in Sources */ = {isa = PBXBuildFile; fileRef = C9917CE91D151A24003815C0 /* CwlWhitespaceTests.swift */; };
		C9917CF51D151A24003815C0 /* CwlWhitespaceUITests.swift in Sources */ = {isa = PBXBuildFile; fileRef = C9917CF41D151A24003815C0 /* CwlWhitespaceUITests.swift */; };
		C9917D091D151A3F003815C0 /* Cocoa.framework in Frameworks */ = {isa = PBXBuildFile; fileRef = C9917D081D151A3F003815C0 /* Cocoa.framework */; };
		C9917D0E1D151A3F003815C0 /* SourceEditorExtension.swift in Sources */ = {isa = PBXBuildFile; fileRef = C9917D0D1D151A3F003815C0 /* SourceEditorExtension.swift */; };
		C9917D101D151A3F003815C0 /* SourceEditorCommand.swift in Sources */ = {isa = PBXBuildFile; fileRef = C9917D0F1D151A3F003815C0 /* SourceEditorCommand.swift */; };
		C9917D141D151A3F003815C0 /* Whitespace Policing.appex in Embed App Extensions */ = {isa = PBXBuildFile; fileRef = C9917D061D151A3F003815C0 /* Whitespace Policing.appex */; settings = {ATTRIBUTES = (RemoveHeadersOnCopy, ); }; };
		C9E561491D16B7880019A935 /* CwlWhitespaceTagging.swift in Sources */ = {isa = PBXBuildFile; fileRef = C9E561451D16B55A0019A935 /* CwlWhitespaceTagging.swift */; };
		C9E5614A1D16B7950019A935 /* CwlScalarScanner.swift in Sources */ = {isa = PBXBuildFile; fileRef = C9917D191D155F9E003815C0 /* CwlScalarScanner.swift */; };
/* End PBXBuildFile section */

/* Begin PBXContainerItemProxy section */
		C9917CE61D151A24003815C0 /* PBXContainerItemProxy */ = {
			isa = PBXContainerItemProxy;
			containerPortal = C9917CCE1D151A24003815C0 /* Project object */;
			proxyType = 1;
			remoteGlobalIDString = C9917CD51D151A24003815C0;
			remoteInfo = CwlWhitespace;
		};
		C9917CF11D151A24003815C0 /* PBXContainerItemProxy */ = {
			isa = PBXContainerItemProxy;
			containerPortal = C9917CCE1D151A24003815C0 /* Project object */;
			proxyType = 1;
			remoteGlobalIDString = C9917CD51D151A24003815C0;
			remoteInfo = CwlWhitespace;
		};
		C9917D121D151A3F003815C0 /* PBXContainerItemProxy */ = {
			isa = PBXContainerItemProxy;
			containerPortal = C9917CCE1D151A24003815C0 /* Project object */;
			proxyType = 1;
			remoteGlobalIDString = C9917D051D151A3F003815C0;
			remoteInfo = ViolationDetector;
		};
/* End PBXContainerItemProxy section */

/* Begin PBXCopyFilesBuildPhase section */
		C9917D181D151A3F003815C0 /* Embed App Extensions */ = {
			isa = PBXCopyFilesBuildPhase;
			buildActionMask = 2147483647;
			dstPath = "";
			dstSubfolderSpec = 13;
			files = (
				C9917D141D151A3F003815C0 /* Whitespace Policing.appex in Embed App Extensions */,
			);
			name = "Embed App Extensions";
			runOnlyForDeploymentPostprocessing = 0;
		};
/* End PBXCopyFilesBuildPhase section */

/* Begin PBXFileReference section */
		C9917CD61D151A24003815C0 /* Whitespace Policing for Xcode.app */ = {isa = PBXFileReference; explicitFileType = wrapper.application; includeInIndex = 0; path = "Whitespace Policing for Xcode.app"; sourceTree = BUILT_PRODUCTS_DIR; };
		C9917CD91D151A24003815C0 /* AppDelegate.swift */ = {isa = PBXFileReference; lastKnownFileType = sourcecode.swift; path = AppDelegate.swift; sourceTree = "<group>"; };
		C9917CDB1D151A24003815C0 /* Assets.xcassets */ = {isa = PBXFileReference; lastKnownFileType = folder.assetcatalog; path = Assets.xcassets; sourceTree = "<group>"; };
		C9917CDE1D151A24003815C0 /* Base */ = {isa = PBXFileReference; lastKnownFileType = file.xib; name = Base; path = Base.lproj/MainMenu.xib; sourceTree = "<group>"; };
		C9917CE01D151A24003815C0 /* Info.plist */ = {isa = PBXFileReference; lastKnownFileType = text.plist.xml; path = Info.plist; sourceTree = "<group>"; };
		C9917CE51D151A24003815C0 /* CwlWhitespaceTests.xctest */ = {isa = PBXFileReference; explicitFileType = wrapper.cfbundle; includeInIndex = 0; path = CwlWhitespaceTests.xctest; sourceTree = BUILT_PRODUCTS_DIR; };
		C9917CE91D151A24003815C0 /* CwlWhitespaceTests.swift */ = {isa = PBXFileReference; lastKnownFileType = sourcecode.swift; path = CwlWhitespaceTests.swift; sourceTree = "<group>"; };
		C9917CEB1D151A24003815C0 /* Info.plist */ = {isa = PBXFileReference; lastKnownFileType = text.plist.xml; path = Info.plist; sourceTree = "<group>"; };
		C9917CF01D151A24003815C0 /* CwlWhitespaceUITests.xctest */ = {isa = PBXFileReference; explicitFileType = wrapper.cfbundle; includeInIndex = 0; path = CwlWhitespaceUITests.xctest; sourceTree = BUILT_PRODUCTS_DIR; };
		C9917CF41D151A24003815C0 /* CwlWhitespaceUITests.swift */ = {isa = PBXFileReference; lastKnownFileType = sourcecode.swift; path = CwlWhitespaceUITests.swift; sourceTree = "<group>"; };
		C9917CF61D151A24003815C0 /* Info.plist */ = {isa = PBXFileReference; lastKnownFileType = text.plist.xml; path = Info.plist; sourceTree = "<group>"; };
		C9917D061D151A3F003815C0 /* Whitespace Policing.appex */ = {isa = PBXFileReference; explicitFileType = "wrapper.app-extension"; includeInIndex = 0; path = "Whitespace Policing.appex"; sourceTree = BUILT_PRODUCTS_DIR; };
		C9917D081D151A3F003815C0 /* Cocoa.framework */ = {isa = PBXFileReference; lastKnownFileType = wrapper.framework; name = Cocoa.framework; path = System/Library/Frameworks/Cocoa.framework; sourceTree = SDKROOT; };
		C9917D0C1D151A3F003815C0 /* ViolationDetector.entitlements */ = {isa = PBXFileReference; lastKnownFileType = text.xml; path = ViolationDetector.entitlements; sourceTree = "<group>"; };
		C9917D0D1D151A3F003815C0 /* SourceEditorExtension.swift */ = {isa = PBXFileReference; lastKnownFileType = sourcecode.swift; path = SourceEditorExtension.swift; sourceTree = "<group>"; };
		C9917D0F1D151A3F003815C0 /* SourceEditorCommand.swift */ = {isa = PBXFileReference; lastKnownFileType = sourcecode.swift; path = SourceEditorCommand.swift; sourceTree = "<group>"; wrapsLines = 1; };
		C9917D111D151A3F003815C0 /* Info.plist */ = {isa = PBXFileReference; lastKnownFileType = text.plist.xml; path = Info.plist; sourceTree = "<group>"; };
		C9917D191D155F9E003815C0 /* CwlScalarScanner.swift */ = {isa = PBXFileReference; fileEncoding = 4; lastKnownFileType = sourcecode.swift; path = CwlScalarScanner.swift; sourceTree = "<group>"; };
		C9E561451D16B55A0019A935 /* CwlWhitespaceTagging.swift */ = {isa = PBXFileReference; fileEncoding = 4; lastKnownFileType = sourcecode.swift; path = CwlWhitespaceTagging.swift; sourceTree = "<group>"; };
/* End PBXFileReference section */

/* Begin PBXFrameworksBuildPhase section */
		C9917CD31D151A24003815C0 /* Frameworks */ = {
			isa = PBXFrameworksBuildPhase;
			buildActionMask = 2147483647;
			files = (
			);
			runOnlyForDeploymentPostprocessing = 0;
		};
		C9917CE21D151A24003815C0 /* Frameworks */ = {
			isa = PBXFrameworksBuildPhase;
			buildActionMask = 2147483647;
			files = (
			);
			runOnlyForDeploymentPostprocessing = 0;
		};
		C9917CED1D151A24003815C0 /* Frameworks */ = {
			isa = PBXFrameworksBuildPhase;
			buildActionMask = 2147483647;
			files = (
			);
			runOnlyForDeploymentPostprocessing = 0;
		};
		C9917D031D151A3F003815C0 /* Frameworks */ = {
			isa = PBXFrameworksBuildPhase;
			buildActionMask = 2147483647;
			files = (
				C9917D091D151A3F003815C0 /* Cocoa.framework in Frameworks */,
			);
			runOnlyForDeploymentPostprocessing = 0;
		};
/* End PBXFrameworksBuildPhase section */

/* Begin PBXGroup section */
		C9917CCD1D151A24003815C0 = {
			isa = PBXGroup;
			children = (
				C9917CD81D151A24003815C0 /* CwlWhitespace */,
				C9917CE81D151A24003815C0 /* CwlWhitespaceTests */,
				C9917CF31D151A24003815C0 /* CwlWhitespaceUITests */,
				C9917D0A1D151A3F003815C0 /* CwlWhitespaceExtension */,
				C9917D071D151A3F003815C0 /* Frameworks */,
				C9917CD71D151A24003815C0 /* Products */,
			);
			sourceTree = "<group>";
		};
		C9917CD71D151A24003815C0 /* Products */ = {
			isa = PBXGroup;
			children = (
				C9917CD61D151A24003815C0 /* Whitespace Policing for Xcode.app */,
				C9917CE51D151A24003815C0 /* CwlWhitespaceTests.xctest */,
				C9917CF01D151A24003815C0 /* CwlWhitespaceUITests.xctest */,
				C9917D061D151A3F003815C0 /* Whitespace Policing.appex */,
			);
			name = Products;
			sourceTree = "<group>";
		};
		C9917CD81D151A24003815C0 /* CwlWhitespace */ = {
			isa = PBXGroup;
			children = (
				C9917CD91D151A24003815C0 /* AppDelegate.swift */,
				C9917CDB1D151A24003815C0 /* Assets.xcassets */,
				C9917CDD1D151A24003815C0 /* MainMenu.xib */,
				C9917CE01D151A24003815C0 /* Info.plist */,
			);
			path = CwlWhitespace;
			sourceTree = "<group>";
		};
		C9917CE81D151A24003815C0 /* CwlWhitespaceTests */ = {
			isa = PBXGroup;
			children = (
				C9917CE91D151A24003815C0 /* CwlWhitespaceTests.swift */,
				C9917CEB1D151A24003815C0 /* Info.plist */,
			);
			path = CwlWhitespaceTests;
			sourceTree = "<group>";
		};
		C9917CF31D151A24003815C0 /* CwlWhitespaceUITests */ = {
			isa = PBXGroup;
			children = (
				C9917CF41D151A24003815C0 /* CwlWhitespaceUITests.swift */,
				C9917CF61D151A24003815C0 /* Info.plist */,
			);
			path = CwlWhitespaceUITests;
			sourceTree = "<group>";
		};
		C9917D071D151A3F003815C0 /* Frameworks */ = {
			isa = PBXGroup;
			children = (
				C9917D081D151A3F003815C0 /* Cocoa.framework */,
			);
			name = Frameworks;
			sourceTree = "<group>";
		};
		C9917D0A1D151A3F003815C0 /* CwlWhitespaceExtension */ = {
			isa = PBXGroup;
			children = (
				C9917D191D155F9E003815C0 /* CwlScalarScanner.swift */,
				C9E561451D16B55A0019A935 /* CwlWhitespaceTagging.swift */,
				C9917D0D1D151A3F003815C0 /* SourceEditorExtension.swift */,
				C9917D0F1D151A3F003815C0 /* SourceEditorCommand.swift */,
				C9917D111D151A3F003815C0 /* Info.plist */,
				C9917D0B1D151A3F003815C0 /* Supporting Files */,
			);
			path = CwlWhitespaceExtension;
			sourceTree = "<group>";
		};
		C9917D0B1D151A3F003815C0 /* Supporting Files */ = {
			isa = PBXGroup;
			children = (
				C9917D0C1D151A3F003815C0 /* ViolationDetector.entitlements */,
			);
			name = "Supporting Files";
			sourceTree = "<group>";
		};
/* End PBXGroup section */

/* Begin PBXNativeTarget section */
		C9917CD51D151A24003815C0 /* Whitespace Policing for Xcode */ = {
			isa = PBXNativeTarget;
			buildConfigurationList = C9917CF91D151A24003815C0 /* Build configuration list for PBXNativeTarget "Whitespace Policing for Xcode" */;
			buildPhases = (
				C9917CD21D151A24003815C0 /* Sources */,
				C9917CD31D151A24003815C0 /* Frameworks */,
				C9917CD41D151A24003815C0 /* Resources */,
				C9917D181D151A3F003815C0 /* Embed App Extensions */,
			);
			buildRules = (
			);
			dependencies = (
				C9917D131D151A3F003815C0 /* PBXTargetDependency */,
			);
			name = "Whitespace Policing for Xcode";
			productName = CwlWhitespace;
			productReference = C9917CD61D151A24003815C0 /* Whitespace Policing for Xcode.app */;
			productType = "com.apple.product-type.application";
		};
		C9917CE41D151A24003815C0 /* CwlWhitespaceTests */ = {
			isa = PBXNativeTarget;
			buildConfigurationList = C9917CFC1D151A24003815C0 /* Build configuration list for PBXNativeTarget "CwlWhitespaceTests" */;
			buildPhases = (
				C9917CE11D151A24003815C0 /* Sources */,
				C9917CE21D151A24003815C0 /* Frameworks */,
				C9917CE31D151A24003815C0 /* Resources */,
			);
			buildRules = (
			);
			dependencies = (
				C9917CE71D151A24003815C0 /* PBXTargetDependency */,
			);
			name = CwlWhitespaceTests;
			productName = CwlWhitespaceTests;
			productReference = C9917CE51D151A24003815C0 /* CwlWhitespaceTests.xctest */;
			productType = "com.apple.product-type.bundle.unit-test";
		};
		C9917CEF1D151A24003815C0 /* CwlWhitespaceUITests */ = {
			isa = PBXNativeTarget;
			buildConfigurationList = C9917CFF1D151A24003815C0 /* Build configuration list for PBXNativeTarget "CwlWhitespaceUITests" */;
			buildPhases = (
				C9917CEC1D151A24003815C0 /* Sources */,
				C9917CED1D151A24003815C0 /* Frameworks */,
				C9917CEE1D151A24003815C0 /* Resources */,
			);
			buildRules = (
			);
			dependencies = (
				C9917CF21D151A24003815C0 /* PBXTargetDependency */,
			);
			name = CwlWhitespaceUITests;
			productName = CwlWhitespaceUITests;
			productReference = C9917CF01D151A24003815C0 /* CwlWhitespaceUITests.xctest */;
			productType = "com.apple.product-type.bundle.ui-testing";
		};
		C9917D051D151A3F003815C0 /* Whitespace Policing */ = {
			isa = PBXNativeTarget;
			buildConfigurationList = C9917D151D151A3F003815C0 /* Build configuration list for PBXNativeTarget "Whitespace Policing" */;
			buildPhases = (
				C9917D021D151A3F003815C0 /* Sources */,
				C9917D031D151A3F003815C0 /* Frameworks */,
				C9917D041D151A3F003815C0 /* Resources */,
			);
			buildRules = (
			);
			dependencies = (
			);
			name = "Whitespace Policing";
			productName = ViolationDetector;
			productReference = C9917D061D151A3F003815C0 /* Whitespace Policing.appex */;
			productType = "com.apple.product-type.xcode-extension";
		};
/* End PBXNativeTarget section */

/* Begin PBXProject section */
		C9917CCE1D151A24003815C0 /* Project object */ = {
			isa = PBXProject;
			attributes = {
				LastSwiftUpdateCheck = 0800;
				LastUpgradeCheck = 0800;
				ORGANIZATIONNAME = "Matt Gallagher";
				TargetAttributes = {
					C9917CD51D151A24003815C0 = {
						CreatedOnToolsVersion = 8.0;
						DevelopmentTeam = S7YQ892G6G;
						DevelopmentTeamName = "Matthew Gallagher";
						ProvisioningStyle = Automatic;
					};
					C9917CE41D151A24003815C0 = {
						CreatedOnToolsVersion = 8.0;
						DevelopmentTeam = S7YQ892G6G;
						DevelopmentTeamName = "Matthew Gallagher";
						ProvisioningStyle = Automatic;
						TestTargetID = C9917CD51D151A24003815C0;
					};
					C9917CEF1D151A24003815C0 = {
						CreatedOnToolsVersion = 8.0;
						DevelopmentTeam = S7YQ892G6G;
						DevelopmentTeamName = "Matthew Gallagher";
						ProvisioningStyle = Automatic;
						TestTargetID = C9917CD51D151A24003815C0;
					};
					C9917D051D151A3F003815C0 = {
						CreatedOnToolsVersion = 8.0;
						DevelopmentTeam = S7YQ892G6G;
						DevelopmentTeamName = "Matthew Gallagher";
						ProvisioningStyle = Automatic;
					};
				};
			};
			buildConfigurationList = C9917CD11D151A24003815C0 /* Build configuration list for PBXProject "CwlWhitespace" */;
			compatibilityVersion = "Xcode 3.2";
			developmentRegion = English;
			hasScannedForEncodings = 0;
			knownRegions = (
				en,
				Base,
			);
			mainGroup = C9917CCD1D151A24003815C0;
			productRefGroup = C9917CD71D151A24003815C0 /* Products */;
			projectDirPath = "";
			projectRoot = "";
			targets = (
				C9917CD51D151A24003815C0 /* Whitespace Policing for Xcode */,
				C9917CE41D151A24003815C0 /* CwlWhitespaceTests */,
				C9917CEF1D151A24003815C0 /* CwlWhitespaceUITests */,
				C9917D051D151A3F003815C0 /* Whitespace Policing */,
			);
		};
/* End PBXProject section */

/* Begin PBXResourcesBuildPhase section */
		C9917CD41D151A24003815C0 /* Resources */ = {
			isa = PBXResourcesBuildPhase;
			buildActionMask = 2147483647;
			files = (
				C9917CDC1D151A24003815C0 /* Assets.xcassets in Resources */,
				C9917CDF1D151A24003815C0 /* MainMenu.xib in Resources */,
			);
			runOnlyForDeploymentPostprocessing = 0;
		};
		C9917CE31D151A24003815C0 /* Resources */ = {
			isa = PBXResourcesBuildPhase;
			buildActionMask = 2147483647;
			files = (
			);
			runOnlyForDeploymentPostprocessing = 0;
		};
		C9917CEE1D151A24003815C0 /* Resources */ = {
			isa = PBXResourcesBuildPhase;
			buildActionMask = 2147483647;
			files = (
			);
			runOnlyForDeploymentPostprocessing = 0;
		};
		C9917D041D151A3F003815C0 /* Resources */ = {
			isa = PBXResourcesBuildPhase;
			buildActionMask = 2147483647;
			files = (
			);
			runOnlyForDeploymentPostprocessing = 0;
		};
/* End PBXResourcesBuildPhase section */

/* Begin PBXSourcesBuildPhase section */
		C9917CD21D151A24003815C0 /* Sources */ = {
			isa = PBXSourcesBuildPhase;
			buildActionMask = 2147483647;
			files = (
				C9917CDA1D151A24003815C0 /* AppDelegate.swift in Sources */,
			);
			runOnlyForDeploymentPostprocessing = 0;
		};
		C9917CE11D151A24003815C0 /* Sources */ = {
			isa = PBXSourcesBuildPhase;
			buildActionMask = 2147483647;
			files = (
				C9140E9A1D1B7DA7001E4D8A /* CwlWhitespaceTagging.swift in Sources */,
				C9917CEA1D151A24003815C0 /* CwlWhitespaceTests.swift in Sources */,
				C9140E991D1B7DA7001E4D8A /* CwlScalarScanner.swift in Sources */,
			);
			runOnlyForDeploymentPostprocessing = 0;
		};
		C9917CEC1D151A24003815C0 /* Sources */ = {
			isa = PBXSourcesBuildPhase;
			buildActionMask = 2147483647;
			files = (
				C9917CF51D151A24003815C0 /* CwlWhitespaceUITests.swift in Sources */,
			);
			runOnlyForDeploymentPostprocessing = 0;
		};
		C9917D021D151A3F003815C0 /* Sources */ = {
			isa = PBXSourcesBuildPhase;
			buildActionMask = 2147483647;
			files = (
				C9E561491D16B7880019A935 /* CwlWhitespaceTagging.swift in Sources */,
				C9917D0E1D151A3F003815C0 /* SourceEditorExtension.swift in Sources */,
				C9917D101D151A3F003815C0 /* SourceEditorCommand.swift in Sources */,
				C9E5614A1D16B7950019A935 /* CwlScalarScanner.swift in Sources */,
			);
			runOnlyForDeploymentPostprocessing = 0;
		};
/* End PBXSourcesBuildPhase section */

/* Begin PBXTargetDependency section */
		C9917CE71D151A24003815C0 /* PBXTargetDependency */ = {
			isa = PBXTargetDependency;
			target = C9917CD51D151A24003815C0 /* Whitespace Policing for Xcode */;
			targetProxy = C9917CE61D151A24003815C0 /* PBXContainerItemProxy */;
		};
		C9917CF21D151A24003815C0 /* PBXTargetDependency */ = {
			isa = PBXTargetDependency;
			target = C9917CD51D151A24003815C0 /* Whitespace Policing for Xcode */;
			targetProxy = C9917CF11D151A24003815C0 /* PBXContainerItemProxy */;
		};
		C9917D131D151A3F003815C0 /* PBXTargetDependency */ = {
			isa = PBXTargetDependency;
			target = C9917D051D151A3F003815C0 /* Whitespace Policing */;
			targetProxy = C9917D121D151A3F003815C0 /* PBXContainerItemProxy */;
		};
/* End PBXTargetDependency section */

/* Begin PBXVariantGroup section */
		C9917CDD1D151A24003815C0 /* MainMenu.xib */ = {
			isa = PBXVariantGroup;
			children = (
				C9917CDE1D151A24003815C0 /* Base */,
			);
			name = MainMenu.xib;
			sourceTree = "<group>";
		};
/* End PBXVariantGroup section */

/* Begin XCBuildConfiguration section */
		C9917CF71D151A24003815C0 /* Debug */ = {
			isa = XCBuildConfiguration;
			buildSettings = {
				ALWAYS_SEARCH_USER_PATHS = NO;
				CLANG_ANALYZER_NONNULL = YES;
				CLANG_CXX_LANGUAGE_STANDARD = "gnu++0x";
				CLANG_CXX_LIBRARY = "libc++";
				CLANG_ENABLE_MODULES = YES;
				CLANG_ENABLE_OBJC_ARC = YES;
				CLANG_WARN_BOOL_CONVERSION = YES;
				CLANG_WARN_CONSTANT_CONVERSION = YES;
				CLANG_WARN_DIRECT_OBJC_ISA_USAGE = YES_ERROR;
				CLANG_WARN_DOCUMENTATION_COMMENTS = YES;
				CLANG_WARN_EMPTY_BODY = YES;
				CLANG_WARN_ENUM_CONVERSION = YES;
				CLANG_WARN_INT_CONVERSION = YES;
				CLANG_WARN_OBJC_ROOT_CLASS = YES_ERROR;
				CLANG_WARN_UNREACHABLE_CODE = YES;
				CLANG_WARN__DUPLICATE_METHOD_MATCH = YES;
				CODE_SIGN_IDENTITY = "-";
				COPY_PHASE_STRIP = NO;
				DEBUG_INFORMATION_FORMAT = dwarf;
				ENABLE_STRICT_OBJC_MSGSEND = YES;
				ENABLE_TESTABILITY = YES;
				GCC_C_LANGUAGE_STANDARD = gnu99;
				GCC_DYNAMIC_NO_PIC = NO;
				GCC_NO_COMMON_BLOCKS = YES;
				GCC_OPTIMIZATION_LEVEL = 0;
				GCC_PREPROCESSOR_DEFINITIONS = (
					"DEBUG=1",
					"$(inherited)",
				);
				GCC_WARN_64_TO_32_BIT_CONVERSION = YES;
				GCC_WARN_ABOUT_RETURN_TYPE = YES_ERROR;
				GCC_WARN_UNDECLARED_SELECTOR = YES;
				GCC_WARN_UNINITIALIZED_AUTOS = YES_AGGRESSIVE;
				GCC_WARN_UNUSED_FUNCTION = YES;
				GCC_WARN_UNUSED_VARIABLE = YES;
				MACOSX_DEPLOYMENT_TARGET = 10.11;
				MTL_ENABLE_DEBUG_INFO = YES;
				ONLY_ACTIVE_ARCH = YES;
				SDKROOT = macosx;
				SWIFT_ACTIVE_COMPILATION_CONDITIONS = DEBUG;
				SWIFT_OPTIMIZATION_LEVEL = "-Onone";
			};
			name = Debug;
		};
		C9917CF81D151A24003815C0 /* Release */ = {
			isa = XCBuildConfiguration;
			buildSettings = {
				ALWAYS_SEARCH_USER_PATHS = NO;
				CLANG_ANALYZER_NONNULL = YES;
				CLANG_CXX_LANGUAGE_STANDARD = "gnu++0x";
				CLANG_CXX_LIBRARY = "libc++";
				CLANG_ENABLE_MODULES = YES;
				CLANG_ENABLE_OBJC_ARC = YES;
				CLANG_WARN_BOOL_CONVERSION = YES;
				CLANG_WARN_CONSTANT_CONVERSION = YES;
				CLANG_WARN_DIRECT_OBJC_ISA_USAGE = YES_ERROR;
				CLANG_WARN_DOCUMENTATION_COMMENTS = YES;
				CLANG_WARN_EMPTY_BODY = YES;
				CLANG_WARN_ENUM_CONVERSION = YES;
				CLANG_WARN_INT_CONVERSION = YES;
				CLANG_WARN_OBJC_ROOT_CLASS = YES_ERROR;
				CLANG_WARN_UNREACHABLE_CODE = YES;
				CLANG_WARN__DUPLICATE_METHOD_MATCH = YES;
				CODE_SIGN_IDENTITY = "-";
				COPY_PHASE_STRIP = NO;
				DEBUG_INFORMATION_FORMAT = "dwarf-with-dsym";
				ENABLE_NS_ASSERTIONS = NO;
				ENABLE_STRICT_OBJC_MSGSEND = YES;
				GCC_C_LANGUAGE_STANDARD = gnu99;
				GCC_NO_COMMON_BLOCKS = YES;
				GCC_WARN_64_TO_32_BIT_CONVERSION = YES;
				GCC_WARN_ABOUT_RETURN_TYPE = YES_ERROR;
				GCC_WARN_UNDECLARED_SELECTOR = YES;
				GCC_WARN_UNINITIALIZED_AUTOS = YES_AGGRESSIVE;
				GCC_WARN_UNUSED_FUNCTION = YES;
				GCC_WARN_UNUSED_VARIABLE = YES;
				MACOSX_DEPLOYMENT_TARGET = 10.11;
				MTL_ENABLE_DEBUG_INFO = NO;
				SDKROOT = macosx;
				SWIFT_OPTIMIZATION_LEVEL = "-Owholemodule";
			};
			name = Release;
		};
		C9917CFA1D151A24003815C0 /* Debug */ = {
			isa = XCBuildConfiguration;
			buildSettings = {
				ALWAYS_EMBED_SWIFT_STANDARD_LIBRARIES = YES;
				ASSETCATALOG_COMPILER_APPICON_NAME = AppIcon;
				CODE_SIGN_IDENTITY = "Mac Developer";
				COMBINE_HIDPI_IMAGES = YES;
				INFOPLIST_FILE = CwlWhitespace/Info.plist;
				LD_RUNPATH_SEARCH_PATHS = "$(inherited) @executable_path/../Frameworks";
				PRODUCT_BUNDLE_IDENTIFIER = com.cocoawithlove.whitespace;
				PRODUCT_NAME = "$(TARGET_NAME)";
				SWIFT_VERSION = 3.0;
			};
			name = Debug;
		};
		C9917CFB1D151A24003815C0 /* Release */ = {
			isa = XCBuildConfiguration;
			buildSettings = {
				ALWAYS_EMBED_SWIFT_STANDARD_LIBRARIES = YES;
				ASSETCATALOG_COMPILER_APPICON_NAME = AppIcon;
				CODE_SIGN_IDENTITY = "Mac Developer";
				COMBINE_HIDPI_IMAGES = YES;
				INFOPLIST_FILE = CwlWhitespace/Info.plist;
				LD_RUNPATH_SEARCH_PATHS = "$(inherited) @executable_path/../Frameworks";
				PRODUCT_BUNDLE_IDENTIFIER = com.cocoawithlove.whitespace;
				PRODUCT_NAME = "$(TARGET_NAME)";
				SWIFT_VERSION = 3.0;
			};
			name = Release;
		};
		C9917CFD1D151A24003815C0 /* Debug */ = {
			isa = XCBuildConfiguration;
			buildSettings = {
				BUNDLE_LOADER = "$(TEST_HOST)";
				COMBINE_HIDPI_IMAGES = YES;
				INFOPLIST_FILE = CwlWhitespaceTests/Info.plist;
				LD_RUNPATH_SEARCH_PATHS = "$(inherited) @executable_path/../Frameworks @loader_path/../Frameworks";
				PRODUCT_BUNDLE_IDENTIFIER = com.cocoawithlove.CwlWhitespaceTests;
				PRODUCT_NAME = "$(TARGET_NAME)";
				SWIFT_VERSION = 3.0;
				TEST_HOST = "$(BUILT_PRODUCTS_DIR)/Whitespace Policing for Xcode.app/Contents/MacOS/Whitespace Policing for Xcode";
			};
			name = Debug;
		};
		C9917CFE1D151A24003815C0 /* Release */ = {
			isa = XCBuildConfiguration;
			buildSettings = {
				BUNDLE_LOADER = "$(TEST_HOST)";
				COMBINE_HIDPI_IMAGES = YES;
				INFOPLIST_FILE = CwlWhitespaceTests/Info.plist;
				LD_RUNPATH_SEARCH_PATHS = "$(inherited) @executable_path/../Frameworks @loader_path/../Frameworks";
				PRODUCT_BUNDLE_IDENTIFIER = com.cocoawithlove.CwlWhitespaceTests;
				PRODUCT_NAME = "$(TARGET_NAME)";
				SWIFT_VERSION = 3.0;
				TEST_HOST = "$(BUILT_PRODUCTS_DIR)/Whitespace Policing for Xcode.app/Contents/MacOS/Whitespace Policing for Xcode";
			};
			name = Release;
		};
		C9917D001D151A24003815C0 /* Debug */ = {
			isa = XCBuildConfiguration;
			buildSettings = {
				COMBINE_HIDPI_IMAGES = YES;
				INFOPLIST_FILE = CwlWhitespaceUITests/Info.plist;
				LD_RUNPATH_SEARCH_PATHS = "$(inherited) @executable_path/../Frameworks @loader_path/../Frameworks";
				PRODUCT_BUNDLE_IDENTIFIER = com.cocoawithlove.CwlWhitespaceUITests;
				PRODUCT_NAME = "$(TARGET_NAME)";
				SWIFT_VERSION = 3.0;
				TEST_TARGET_NAME = CwlWhitespace;
			};
			name = Debug;
		};
		C9917D011D151A24003815C0 /* Release */ = {
			isa = XCBuildConfiguration;
			buildSettings = {
				COMBINE_HIDPI_IMAGES = YES;
				INFOPLIST_FILE = CwlWhitespaceUITests/Info.plist;
				LD_RUNPATH_SEARCH_PATHS = "$(inherited) @executable_path/../Frameworks @loader_path/../Frameworks";
				PRODUCT_BUNDLE_IDENTIFIER = com.cocoawithlove.CwlWhitespaceUITests;
				PRODUCT_NAME = "$(TARGET_NAME)";
				SWIFT_VERSION = 3.0;
				TEST_TARGET_NAME = CwlWhitespace;
			};
			name = Release;
		};
		C9917D161D151A3F003815C0 /* Debug */ = {
			isa = XCBuildConfiguration;
			buildSettings = {
				CODE_SIGN_ENTITLEMENTS = CwlWhitespaceExtension/CwlWhitespaceExtension.entitlements;
				CODE_SIGN_IDENTITY = "Mac Developer";
				COMBINE_HIDPI_IMAGES = YES;
				INFOPLIST_FILE = CwlWhitespaceExtension/Info.plist;
				LD_RUNPATH_SEARCH_PATHS = "$(inherited) @executable_path/../Frameworks @executable_path/../../../../Frameworks";
				MACOSX_DEPLOYMENT_TARGET = 10.11;
				PRODUCT_BUNDLE_IDENTIFIER = com.cocoawithlove.whitespace.policingextension;
				PRODUCT_NAME = "$(TARGET_NAME)";
				SKIP_INSTALL = YES;
				SWIFT_VERSION = 3.0;
			};
			name = Debug;
		};
		C9917D171D151A3F003815C0 /* Release */ = {
			isa = XCBuildConfiguration;
			buildSettings = {
				CODE_SIGN_ENTITLEMENTS = CwlWhitespaceExtension/CwlWhitespaceExtension.entitlements;
				CODE_SIGN_IDENTITY = "Mac Developer";
				COMBINE_HIDPI_IMAGES = YES;
				INFOPLIST_FILE = CwlWhitespaceExtension/Info.plist;
				LD_RUNPATH_SEARCH_PATHS = "$(inherited) @executable_path/../Frameworks @executable_path/../../../../Frameworks";
				MACOSX_DEPLOYMENT_TARGET = 10.11;
				PRODUCT_BUNDLE_IDENTIFIER = com.cocoawithlove.whitespace.policingextension;
				PRODUCT_NAME = "$(TARGET_NAME)";
				SKIP_INSTALL = YES;
				SWIFT_VERSION = 3.0;
			};
			name = Release;
		};
/* End XCBuildConfiguration section */

/* Begin XCConfigurationList section */
		C9917CD11D151A24003815C0 /* Build configuration list for PBXProject "CwlWhitespace" */ = {
			isa = XCConfigurationList;
			buildConfigurations = (
				C9917CF71D151A24003815C0 /* Debug */,
				C9917CF81D151A24003815C0 /* Release */,
			);
			defaultConfigurationIsVisible = 0;
			defaultConfigurationName = Release;
		};
		C9917CF91D151A24003815C0 /* Build configuration list for PBXNativeTarget "Whitespace Policing for Xcode" */ = {
			isa = XCConfigurationList;
			buildConfigurations = (
				C9917CFA1D151A24003815C0 /* Debug */,
				C9917CFB1D151A24003815C0 /* Release */,
			);
			defaultConfigurationIsVisible = 0;
			defaultConfigurationName = Release;
		};
		C9917CFC1D151A24003815C0 /* Build configuration list for PBXNativeTarget "CwlWhitespaceTests" */ = {
			isa = XCConfigurationList;
			buildConfigurations = (
				C9917CFD1D151A24003815C0 /* Debug */,
				C9917CFE1D151A24003815C0 /* Release */,
			);
			defaultConfigurationIsVisible = 0;
			defaultConfigurationName = Release;
		};
		C9917CFF1D151A24003815C0 /* Build configuration list for PBXNativeTarget "CwlWhitespaceUITests" */ = {
			isa = XCConfigurationList;
			buildConfigurations = (
				C9917D001D151A24003815C0 /* Debug */,
				C9917D011D151A24003815C0 /* Release */,
			);
			defaultConfigurationIsVisible = 0;
			defaultConfigurationName = Release;
		};
		C9917D151D151A3F003815C0 /* Build configuration list for PBXNativeTarget "Whitespace Policing" */ = {
			isa = XCConfigurationList;
			buildConfigurations = (
				C9917D161D151A3F003815C0 /* Debug */,
				C9917D171D151A3F003815C0 /* Release */,
			);
			defaultConfigurationIsVisible = 0;
			defaultConfigurationName = Release;
		};
/* End XCConfigurationList section */
	};
	rootObject = C9917CCE1D151A24003815C0 /* Project object */;
}
